
Microsoft Visual Studio Solution File, Format Version 12.00
# Visual Studio 14
VisualStudioVersion = 14.0.25420.1
MinimumVisualStudioVersion = 10.0.40219.1
Project("{FAE04EC0-301F-11D3-BF4B-00C04F79EFBC}") = "Usa.Mil.Dtg", "Usa.Mil.Dtg\Usa.Mil.Dtg.csproj", "{FE73EF0B-609A-49F1-882A-D267BDCA7C3F}"
EndProject
Project("{FAE04EC0-301F-11D3-BF4B-00C04F79EFBC}") = "Usa.Mil.DtgTests", "Usa.Mil.DtgTests\Usa.Mil.DtgTests.csproj", "{8AD3E080-D7C3-4457-858F-219D0244C2DE}"
EndProject
Global
	GlobalSection(SolutionConfigurationPlatforms) = preSolution
		Debug|Any CPU = Debug|Any CPU
		Release|Any CPU = Release|Any CPU
	EndGlobalSection
	GlobalSection(ProjectConfigurationPlatforms) = postSolution
		{FE73EF0B-609A-49F1-882A-D267BDCA7C3F}.Debug|Any CPU.ActiveCfg = Debug|Any CPU
		{FE73EF0B-609A-49F1-882A-D267BDCA7C3F}.Debug|Any CPU.Build.0 = Debug|Any CPU
		{FE73EF0B-609A-49F1-882A-D267BDCA7C3F}.Release|Any CPU.ActiveCfg = Release|Any CPU
		{FE73EF0B-609A-49F1-882A-D267BDCA7C3F}.Release|Any CPU.Build.0 = Release|Any CPU
		{8AD3E080-D7C3-4457-858F-219D0244C2DE}.Debug|Any CPU.ActiveCfg = Debug|Any CPU
		{8AD3E080-D7C3-4457-858F-219D0244C2DE}.Debug|Any CPU.Build.0 = Debug|Any CPU
		{8AD3E080-D7C3-4457-858F-219D0244C2DE}.Release|Any CPU.ActiveCfg = Release|Any CPU
		{8AD3E080-D7C3-4457-858F-219D0244C2DE}.Release|Any CPU.Build.0 = Release|Any CPU
	EndGlobalSection
	GlobalSection(SolutionProperties) = preSolution
		HideSolutionNode = FALSE
	EndGlobalSection
EndGlobal
